
Microsoft Visual Studio Solution File, Format Version 12.00
# Visual Studio Version 17
VisualStudioVersion = 17.11.35312.102
MinimumVisualStudioVersion = 10.0.40219.1
Project("{FAE04EC0-301F-11D3-BF4B-00C04F79EFBC}") = "API", "API.csproj", "{882C2020-7966-43D7-ADC8-6C17061351CF}"
EndProject
Global
	GlobalSection(SolutionConfigurationPlatforms) = preSolution
		Debug|Any CPU = Debug|Any CPU
		Release|Any CPU = Release|Any CPU
	EndGlobalSection
	GlobalSection(ProjectConfigurationPlatforms) = postSolution
		{882C2020-7966-43D7-ADC8-6C17061351CF}.Debug|Any CPU.ActiveCfg = Debug|Any CPU
		{882C2020-7966-43D7-ADC8-6C17061351CF}.Debug|Any CPU.Build.0 = Debug|Any CPU
		{882C2020-7966-43D7-ADC8-6C17061351CF}.Release|Any CPU.ActiveCfg = Release|Any CPU
		{882C2020-7966-43D7-ADC8-6C17061351CF}.Release|Any CPU.Build.0 = Release|Any CPU
	EndGlobalSection
	GlobalSection(SolutionProperties) = preSolution
		HideSolutionNode = FALSE
	EndGlobalSection
	GlobalSection(ExtensibilityGlobals) = postSolution
		SolutionGuid = {009E4695-D338-41DA-AFD8-33E0D39378AA}
	EndGlobalSection
EndGlobal
